// !$*UTF8*$!
{
	archiveVersion = 1;
	classes = {
	};
	objectVersion = 51;
	objects = {

/* Begin PBXBuildFile section */
		3A4400032481AA1A0013DC9F /* String.swift in Sources */ = {isa = PBXBuildFile; fileRef = 3A4400022481AA1A0013DC9F /* String.swift */; };
		3A4400052481ADD30013DC9F /* Constants.swift in Sources */ = {isa = PBXBuildFile; fileRef = 3A4400042481ADD30013DC9F /* Constants.swift */; };
		3A4400092481B3380013DC9F /* News.swift in Sources */ = {isa = PBXBuildFile; fileRef = 3A4400082481B3380013DC9F /* News.swift */; };
		3A44000C2481C4460013DC9F /* BaseStateController.swift in Sources */ = {isa = PBXBuildFile; fileRef = 3A44000B2481C4460013DC9F /* BaseStateController.swift */; };
		3A44FFF4248055DA0013DC9F /* ListTeaserTableViewCell.xib in Resources */ = {isa = PBXBuildFile; fileRef = 3A44FFF3248055DA0013DC9F /* ListTeaserTableViewCell.xib */; };
		3A44FFF6248055EA0013DC9F /* ListTeaserTableViewCell.swift in Sources */ = {isa = PBXBuildFile; fileRef = 3A44FFF5248055EA0013DC9F /* ListTeaserTableViewCell.swift */; };
		3A44FFF8248057BF0013DC9F /* NewsViewModel.swift in Sources */ = {isa = PBXBuildFile; fileRef = 3A44FFF7248057BF0013DC9F /* NewsViewModel.swift */; };
		3A44FFFB2481A0C10013DC9F /* URLSession.swift in Sources */ = {isa = PBXBuildFile; fileRef = 3A44FFFA2481A0C10013DC9F /* URLSession.swift */; };
		3A44FFFD2481A7260013DC9F /* API.swift in Sources */ = {isa = PBXBuildFile; fileRef = 3A44FFFC2481A7260013DC9F /* API.swift */; };
		3A44FFFF2481A8160013DC9F /* API+Error.swift in Sources */ = {isa = PBXBuildFile; fileRef = 3A44FFFE2481A8160013DC9F /* API+Error.swift */; };
		3A7A9E012480094B0003EB16 /* AppDelegate.swift in Sources */ = {isa = PBXBuildFile; fileRef = 3A7A9E002480094B0003EB16 /* AppDelegate.swift */; };
		3A7A9E0A2480094D0003EB16 /* Assets.xcassets in Resources */ = {isa = PBXBuildFile; fileRef = 3A7A9E092480094D0003EB16 /* Assets.xcassets */; };
		3A7A9E0D2480094D0003EB16 /* LaunchScreen.storyboard in Resources */ = {isa = PBXBuildFile; fileRef = 3A7A9E0B2480094D0003EB16 /* LaunchScreen.storyboard */; };
		3A7A9E2424804C270003EB16 /* AppController.swift in Sources */ = {isa = PBXBuildFile; fileRef = 3A7A9E2324804C270003EB16 /* AppController.swift */; };
		3A7A9E2B24804EAE0003EB16 /* NewsViewController.swift in Sources */ = {isa = PBXBuildFile; fileRef = 3A7A9E2A24804EAE0003EB16 /* NewsViewController.swift */; };
		3A7A9E2F2480501B0003EB16 /* UIView.swift in Sources */ = {isa = PBXBuildFile; fileRef = 3A7A9E2E2480501B0003EB16 /* UIView.swift */; };
		3AF334472481ECC80005FB96 /* Injectable.swift in Sources */ = {isa = PBXBuildFile; fileRef = 3AF334462481ECC80005FB96 /* Injectable.swift */; };
		3AF334492481F3440005FB96 /* BaseViewController.swift in Sources */ = {isa = PBXBuildFile; fileRef = 3AF334482481F3440005FB96 /* BaseViewController.swift */; };
		3AF334522481F76F0005FB96 /* Localizable.strings in Resources */ = {isa = PBXBuildFile; fileRef = 3AF334512481F76F0005FB96 /* Localizable.strings */; };
		3AF334592483C37A0005FB96 /* ArticleDetailsViewModel.swift in Sources */ = {isa = PBXBuildFile; fileRef = 3AF334582483C37A0005FB96 /* ArticleDetailsViewModel.swift */; };
		3AF3345B2483EA9D0005FB96 /* ArticleView.xib in Resources */ = {isa = PBXBuildFile; fileRef = 3AF3345A2483EA9D0005FB96 /* ArticleView.xib */; };
		3AF3345E2483EBDA0005FB96 /* ArticleView.swift in Sources */ = {isa = PBXBuildFile; fileRef = 3AF3345D2483EBDA0005FB96 /* ArticleView.swift */; };
		3AF334612483F1E20005FB96 /* ArticleDetailsViewController.swift in Sources */ = {isa = PBXBuildFile; fileRef = 3AF334602483F1E20005FB96 /* ArticleDetailsViewController.swift */; };
		3AF33469248466570005FB96 /* ErrorViewController.swift in Sources */ = {isa = PBXBuildFile; fileRef = 3AF33467248466570005FB96 /* ErrorViewController.swift */; };
		3AF3346A248466570005FB96 /* ErrorViewController.xib in Resources */ = {isa = PBXBuildFile; fileRef = 3AF33468248466570005FB96 /* ErrorViewController.xib */; };
		3AF3346D248473C00005FB96 /* MockNetworkRequests.swift in Sources */ = {isa = PBXBuildFile; fileRef = 3AF3346C248473C00005FB96 /* MockNetworkRequests.swift */; };
		3AF3346F248474B50005FB96 /* MockResponse.swift in Sources */ = {isa = PBXBuildFile; fileRef = 3AF3346E248474B50005FB96 /* MockResponse.swift */; };
		3AF33471248475B10005FB96 /* MockResponseData.swift in Sources */ = {isa = PBXBuildFile; fileRef = 3AF33470248475B10005FB96 /* MockResponseData.swift */; };
		3AF33476248479510005FB96 /* NewsViewModelTests.swift in Sources */ = {isa = PBXBuildFile; fileRef = 3AF33475248479510005FB96 /* NewsViewModelTests.swift */; };
		3AF3347B2484949F0005FB96 /* ArticleDetailsTest.swift in Sources */ = {isa = PBXBuildFile; fileRef = 3AF3347A2484949F0005FB96 /* ArticleDetailsTest.swift */; };
		577E401DCD15BD1A714D8543 /* Pods_RTLNewsApp.framework in Frameworks */ = {isa = PBXBuildFile; fileRef = 639911C7911F4063DC55EB63 /* Pods_RTLNewsApp.framework */; };
		65290C2B64BC5656268E6722 /* Pods_RTLNewsAppTests.framework in Frameworks */ = {isa = PBXBuildFile; fileRef = B53312FFDA2D29FB2089836B /* Pods_RTLNewsAppTests.framework */; };
/* End PBXBuildFile section */

/* Begin PBXContainerItemProxy section */
		3A7A9E142480094D0003EB16 /* PBXContainerItemProxy */ = {
			isa = PBXContainerItemProxy;
			containerPortal = 3A7A9DF52480094B0003EB16 /* Project object */;
			proxyType = 1;
			remoteGlobalIDString = 3A7A9DFC2480094B0003EB16;
			remoteInfo = RTLNewsApp;
		};
/* End PBXContainerItemProxy section */

/* Begin PBXFileReference section */
		0A4CB17A551A6437E3956736 /* Pods-RTLNewsAppTests.debug.xcconfig */ = {isa = PBXFileReference; includeInIndex = 1; lastKnownFileType = text.xcconfig; name = "Pods-RTLNewsAppTests.debug.xcconfig"; path = "Target Support Files/Pods-RTLNewsAppTests/Pods-RTLNewsAppTests.debug.xcconfig"; sourceTree = "<group>"; };
		13608A609E308132D1CC73D3 /* Pods-RTLNewsApp.debug.xcconfig */ = {isa = PBXFileReference; includeInIndex = 1; lastKnownFileType = text.xcconfig; name = "Pods-RTLNewsApp.debug.xcconfig"; path = "Target Support Files/Pods-RTLNewsApp/Pods-RTLNewsApp.debug.xcconfig"; sourceTree = "<group>"; };
		3A4400022481AA1A0013DC9F /* String.swift */ = {isa = PBXFileReference; lastKnownFileType = sourcecode.swift; path = String.swift; sourceTree = "<group>"; };
		3A4400042481ADD30013DC9F /* Constants.swift */ = {isa = PBXFileReference; lastKnownFileType = sourcecode.swift; path = Constants.swift; sourceTree = "<group>"; };
		3A4400082481B3380013DC9F /* News.swift */ = {isa = PBXFileReference; lastKnownFileType = sourcecode.swift; name = News.swift; path = ../../Network/Models/News.swift; sourceTree = "<group>"; };
		3A44000B2481C4460013DC9F /* BaseStateController.swift */ = {isa = PBXFileReference; lastKnownFileType = sourcecode.swift; path = BaseStateController.swift; sourceTree = "<group>"; };
		3A44FFF3248055DA0013DC9F /* ListTeaserTableViewCell.xib */ = {isa = PBXFileReference; lastKnownFileType = file.xib; path = ListTeaserTableViewCell.xib; sourceTree = "<group>"; };
		3A44FFF5248055EA0013DC9F /* ListTeaserTableViewCell.swift */ = {isa = PBXFileReference; lastKnownFileType = sourcecode.swift; path = ListTeaserTableViewCell.swift; sourceTree = "<group>"; };
		3A44FFF7248057BF0013DC9F /* NewsViewModel.swift */ = {isa = PBXFileReference; lastKnownFileType = sourcecode.swift; path = NewsViewModel.swift; sourceTree = "<group>"; };
		3A44FFFA2481A0C10013DC9F /* URLSession.swift */ = {isa = PBXFileReference; lastKnownFileType = sourcecode.swift; path = URLSession.swift; sourceTree = "<group>"; };
		3A44FFFC2481A7260013DC9F /* API.swift */ = {isa = PBXFileReference; lastKnownFileType = sourcecode.swift; path = API.swift; sourceTree = "<group>"; };
		3A44FFFE2481A8160013DC9F /* API+Error.swift */ = {isa = PBXFileReference; lastKnownFileType = sourcecode.swift; path = "API+Error.swift"; sourceTree = "<group>"; };
		3A7A9DFD2480094B0003EB16 /* RTLNewsApp.app */ = {isa = PBXFileReference; explicitFileType = wrapper.application; includeInIndex = 0; path = RTLNewsApp.app; sourceTree = BUILT_PRODUCTS_DIR; };
		3A7A9E002480094B0003EB16 /* AppDelegate.swift */ = {isa = PBXFileReference; lastKnownFileType = sourcecode.swift; path = AppDelegate.swift; sourceTree = "<group>"; };
		3A7A9E092480094D0003EB16 /* Assets.xcassets */ = {isa = PBXFileReference; lastKnownFileType = folder.assetcatalog; path = Assets.xcassets; sourceTree = "<group>"; };
		3A7A9E0C2480094D0003EB16 /* Base */ = {isa = PBXFileReference; lastKnownFileType = file.storyboard; name = Base; path = Base.lproj/LaunchScreen.storyboard; sourceTree = "<group>"; };
		3A7A9E0E2480094D0003EB16 /* Info.plist */ = {isa = PBXFileReference; lastKnownFileType = text.plist.xml; path = Info.plist; sourceTree = "<group>"; };
		3A7A9E132480094D0003EB16 /* RTLNewsAppTests.xctest */ = {isa = PBXFileReference; explicitFileType = wrapper.cfbundle; includeInIndex = 0; path = RTLNewsAppTests.xctest; sourceTree = BUILT_PRODUCTS_DIR; };
		3A7A9E192480094D0003EB16 /* Info.plist */ = {isa = PBXFileReference; lastKnownFileType = text.plist.xml; path = Info.plist; sourceTree = "<group>"; };
		3A7A9E2324804C270003EB16 /* AppController.swift */ = {isa = PBXFileReference; lastKnownFileType = sourcecode.swift; path = AppController.swift; sourceTree = "<group>"; };
		3A7A9E2A24804EAE0003EB16 /* NewsViewController.swift */ = {isa = PBXFileReference; lastKnownFileType = sourcecode.swift; path = NewsViewController.swift; sourceTree = "<group>"; };
		3A7A9E2E2480501B0003EB16 /* UIView.swift */ = {isa = PBXFileReference; lastKnownFileType = sourcecode.swift; path = UIView.swift; sourceTree = "<group>"; };
		3AF334462481ECC80005FB96 /* Injectable.swift */ = {isa = PBXFileReference; lastKnownFileType = sourcecode.swift; path = Injectable.swift; sourceTree = "<group>"; };
		3AF334482481F3440005FB96 /* BaseViewController.swift */ = {isa = PBXFileReference; lastKnownFileType = sourcecode.swift; path = BaseViewController.swift; sourceTree = "<group>"; };
		3AF334512481F76F0005FB96 /* Localizable.strings */ = {isa = PBXFileReference; lastKnownFileType = text.plist.strings; path = Localizable.strings; sourceTree = "<group>"; };
		3AF334582483C37A0005FB96 /* ArticleDetailsViewModel.swift */ = {isa = PBXFileReference; lastKnownFileType = sourcecode.swift; path = ArticleDetailsViewModel.swift; sourceTree = "<group>"; };
		3AF3345A2483EA9D0005FB96 /* ArticleView.xib */ = {isa = PBXFileReference; lastKnownFileType = file.xib; path = ArticleView.xib; sourceTree = "<group>"; };
		3AF3345D2483EBDA0005FB96 /* ArticleView.swift */ = {isa = PBXFileReference; lastKnownFileType = sourcecode.swift; path = ArticleView.swift; sourceTree = "<group>"; };
		3AF334602483F1E20005FB96 /* ArticleDetailsViewController.swift */ = {isa = PBXFileReference; lastKnownFileType = sourcecode.swift; path = ArticleDetailsViewController.swift; sourceTree = "<group>"; };
		3AF33467248466570005FB96 /* ErrorViewController.swift */ = {isa = PBXFileReference; lastKnownFileType = sourcecode.swift; path = ErrorViewController.swift; sourceTree = "<group>"; };
		3AF33468248466570005FB96 /* ErrorViewController.xib */ = {isa = PBXFileReference; lastKnownFileType = file.xib; path = ErrorViewController.xib; sourceTree = "<group>"; };
		3AF3346C248473C00005FB96 /* MockNetworkRequests.swift */ = {isa = PBXFileReference; lastKnownFileType = sourcecode.swift; path = MockNetworkRequests.swift; sourceTree = "<group>"; };
		3AF3346E248474B50005FB96 /* MockResponse.swift */ = {isa = PBXFileReference; lastKnownFileType = sourcecode.swift; path = MockResponse.swift; sourceTree = "<group>"; };
		3AF33470248475B10005FB96 /* MockResponseData.swift */ = {isa = PBXFileReference; lastKnownFileType = sourcecode.swift; path = MockResponseData.swift; sourceTree = "<group>"; };
		3AF33475248479510005FB96 /* NewsViewModelTests.swift */ = {isa = PBXFileReference; lastKnownFileType = sourcecode.swift; path = NewsViewModelTests.swift; sourceTree = "<group>"; };
		3AF3347A2484949F0005FB96 /* ArticleDetailsTest.swift */ = {isa = PBXFileReference; lastKnownFileType = sourcecode.swift; path = ArticleDetailsTest.swift; sourceTree = "<group>"; };
		639911C7911F4063DC55EB63 /* Pods_RTLNewsApp.framework */ = {isa = PBXFileReference; explicitFileType = wrapper.framework; includeInIndex = 0; path = Pods_RTLNewsApp.framework; sourceTree = BUILT_PRODUCTS_DIR; };
		B53312FFDA2D29FB2089836B /* Pods_RTLNewsAppTests.framework */ = {isa = PBXFileReference; explicitFileType = wrapper.framework; includeInIndex = 0; path = Pods_RTLNewsAppTests.framework; sourceTree = BUILT_PRODUCTS_DIR; };
		F61D7901DD2DC0EB865FA327 /* Pods-RTLNewsApp.release.xcconfig */ = {isa = PBXFileReference; includeInIndex = 1; lastKnownFileType = text.xcconfig; name = "Pods-RTLNewsApp.release.xcconfig"; path = "Target Support Files/Pods-RTLNewsApp/Pods-RTLNewsApp.release.xcconfig"; sourceTree = "<group>"; };
		FAE287D7FE26E8D5E281F3D6 /* Pods-RTLNewsAppTests.release.xcconfig */ = {isa = PBXFileReference; includeInIndex = 1; lastKnownFileType = text.xcconfig; name = "Pods-RTLNewsAppTests.release.xcconfig"; path = "Target Support Files/Pods-RTLNewsAppTests/Pods-RTLNewsAppTests.release.xcconfig"; sourceTree = "<group>"; };
/* End PBXFileReference section */

/* Begin PBXFrameworksBuildPhase section */
		3A7A9DFA2480094B0003EB16 /* Frameworks */ = {
			isa = PBXFrameworksBuildPhase;
			buildActionMask = 2147483647;
			files = (
				577E401DCD15BD1A714D8543 /* Pods_RTLNewsApp.framework in Frameworks */,
			);
			runOnlyForDeploymentPostprocessing = 0;
		};
		3A7A9E102480094D0003EB16 /* Frameworks */ = {
			isa = PBXFrameworksBuildPhase;
			buildActionMask = 2147483647;
			files = (
				65290C2B64BC5656268E6722 /* Pods_RTLNewsAppTests.framework in Frameworks */,
			);
			runOnlyForDeploymentPostprocessing = 0;
		};
/* End PBXFrameworksBuildPhase section */

/* Begin PBXGroup section */
		3A44000A2481C4270013DC9F /* Base */ = {
			isa = PBXGroup;
			children = (
				3A44000B2481C4460013DC9F /* BaseStateController.swift */,
				3AF334482481F3440005FB96 /* BaseViewController.swift */,
			);
			path = Base;
			sourceTree = "<group>";
		};
		3A44FFEE248055520013DC9F /* Views */ = {
			isa = PBXGroup;
			children = (
				3A44FFF3248055DA0013DC9F /* ListTeaserTableViewCell.xib */,
				3A44FFF5248055EA0013DC9F /* ListTeaserTableViewCell.swift */,
			);
			name = Views;
			sourceTree = "<group>";
		};
		3A44FFF9248059FB0013DC9F /* Network */ = {
			isa = PBXGroup;
			children = (
				3A44FFFC2481A7260013DC9F /* API.swift */,
				3A44FFFE2481A8160013DC9F /* API+Error.swift */,
			);
			path = Network;
			sourceTree = "<group>";
		};
		3A7A9DF42480094B0003EB16 = {
			isa = PBXGroup;
			children = (
				3A7A9DFF2480094B0003EB16 /* RTLNewsApp */,
				3A7A9E162480094D0003EB16 /* RTLNewsAppTests */,
				3A7A9DFE2480094B0003EB16 /* Products */,
				ACE274FA8FD8D6AA6906A917 /* Pods */,
				D8F63DECCBB255D410FF4743 /* Frameworks */,
			);
			sourceTree = "<group>";
		};
		3A7A9DFE2480094B0003EB16 /* Products */ = {
			isa = PBXGroup;
			children = (
				3A7A9DFD2480094B0003EB16 /* RTLNewsApp.app */,
				3A7A9E132480094D0003EB16 /* RTLNewsAppTests.xctest */,
			);
			name = Products;
			sourceTree = "<group>";
		};
		3A7A9DFF2480094B0003EB16 /* RTLNewsApp */ = {
			isa = PBXGroup;
			children = (
				3A7A9E2224804C120003EB16 /* Application */,
				3A7A9E2824804E780003EB16 /* Resources */,
				3A7A9E2C24804FEB0003EB16 /* Source */,
			);
			path = RTLNewsApp;
			sourceTree = "<group>";
		};
		3A7A9E162480094D0003EB16 /* RTLNewsAppTests */ = {
			isa = PBXGroup;
			children = (
				3AF33479248494800005FB96 /* ArticleDetailsTests */,
				3AF334722484790E0005FB96 /* NewsTests */,
				3AF3346B248473A70005FB96 /* Mocking */,
				3A7A9E192480094D0003EB16 /* Info.plist */,
			);
			path = RTLNewsAppTests;
			sourceTree = "<group>";
		};
		3A7A9E2224804C120003EB16 /* Application */ = {
			isa = PBXGroup;
			children = (
				3A7A9E002480094B0003EB16 /* AppDelegate.swift */,
				3A7A9E2324804C270003EB16 /* AppController.swift */,
				3A7A9E0E2480094D0003EB16 /* Info.plist */,
				3A4400042481ADD30013DC9F /* Constants.swift */,
			);
			path = Application;
			sourceTree = "<group>";
		};
		3A7A9E2624804E0F0003EB16 /* Story */ = {
			isa = PBXGroup;
			children = (
				3AF33462248463720005FB96 /* ErrorView */,
				3AF334552483C3510005FB96 /* ArticleDetails */,
				3A7A9E2924804E8F0003EB16 /* Launch */,
				3A7A9E2724804E170003EB16 /* News */,
			);
			path = Story;
			sourceTree = "<group>";
		};
		3A7A9E2724804E170003EB16 /* News */ = {
			isa = PBXGroup;
			children = (
				3AF334542483B3D70005FB96 /* Models */,
				3A44FFEE248055520013DC9F /* Views */,
				3A7A9E2A24804EAE0003EB16 /* NewsViewController.swift */,
				3A44FFF7248057BF0013DC9F /* NewsViewModel.swift */,
			);
			path = News;
			sourceTree = "<group>";
		};
		3A7A9E2824804E780003EB16 /* Resources */ = {
			isa = PBXGroup;
			children = (
				3A7A9E092480094D0003EB16 /* Assets.xcassets */,
				3AF334512481F76F0005FB96 /* Localizable.strings */,
			);
			path = Resources;
			sourceTree = "<group>";
		};
		3A7A9E2924804E8F0003EB16 /* Launch */ = {
			isa = PBXGroup;
			children = (
				3A7A9E0B2480094D0003EB16 /* LaunchScreen.storyboard */,
			);
			path = Launch;
			sourceTree = "<group>";
		};
		3A7A9E2C24804FEB0003EB16 /* Source */ = {
			isa = PBXGroup;
			children = (
				3AF334452481ECB30005FB96 /* Helpers */,
				3A44000A2481C4270013DC9F /* Base */,
				3A44FFF9248059FB0013DC9F /* Network */,
				3A7A9E2D24804FF60003EB16 /* Extension */,
				3A7A9E2624804E0F0003EB16 /* Story */,
			);
			path = Source;
			sourceTree = "<group>";
		};
		3A7A9E2D24804FF60003EB16 /* Extension */ = {
			isa = PBXGroup;
			children = (
				3A7A9E2E2480501B0003EB16 /* UIView.swift */,
				3A44FFFA2481A0C10013DC9F /* URLSession.swift */,
				3A4400022481AA1A0013DC9F /* String.swift */,
			);
			path = Extension;
			sourceTree = "<group>";
		};
		3AF334452481ECB30005FB96 /* Helpers */ = {
			isa = PBXGroup;
			children = (
				3AF334462481ECC80005FB96 /* Injectable.swift */,
			);
			path = Helpers;
			sourceTree = "<group>";
		};
		3AF334542483B3D70005FB96 /* Models */ = {
			isa = PBXGroup;
			children = (
				3A4400082481B3380013DC9F /* News.swift */,
			);
			name = Models;
			sourceTree = "<group>";
		};
		3AF334552483C3510005FB96 /* ArticleDetails */ = {
			isa = PBXGroup;
			children = (
				3AF3345C2483EAA30005FB96 /* Views */,
				3AF334602483F1E20005FB96 /* ArticleDetailsViewController.swift */,
				3AF334582483C37A0005FB96 /* ArticleDetailsViewModel.swift */,
			);
			path = ArticleDetails;
			sourceTree = "<group>";
		};
		3AF3345C2483EAA30005FB96 /* Views */ = {
			isa = PBXGroup;
			children = (
				3AF3345F2483EBDF0005FB96 /* ArticleDetailsView */,
			);
			name = Views;
			sourceTree = "<group>";
		};
		3AF3345F2483EBDF0005FB96 /* ArticleDetailsView */ = {
			isa = PBXGroup;
			children = (
				3AF3345A2483EA9D0005FB96 /* ArticleView.xib */,
				3AF3345D2483EBDA0005FB96 /* ArticleView.swift */,
			);
			name = ArticleDetailsView;
			sourceTree = "<group>";
		};
		3AF33462248463720005FB96 /* ErrorView */ = {
			isa = PBXGroup;
			children = (
				3AF33467248466570005FB96 /* ErrorViewController.swift */,
				3AF33468248466570005FB96 /* ErrorViewController.xib */,
			);
			path = ErrorView;
			sourceTree = "<group>";
		};
		3AF3346B248473A70005FB96 /* Mocking */ = {
			isa = PBXGroup;
			children = (
				3AF3346C248473C00005FB96 /* MockNetworkRequests.swift */,
				3AF3346E248474B50005FB96 /* MockResponse.swift */,
				3AF33470248475B10005FB96 /* MockResponseData.swift */,
			);
			path = Mocking;
			sourceTree = "<group>";
		};
		3AF334722484790E0005FB96 /* NewsTests */ = {
			isa = PBXGroup;
			children = (
				3AF33475248479510005FB96 /* NewsViewModelTests.swift */,
			);
			path = NewsTests;
			sourceTree = "<group>";
		};
		3AF33479248494800005FB96 /* ArticleDetailsTests */ = {
			isa = PBXGroup;
			children = (
				3AF3347A2484949F0005FB96 /* ArticleDetailsTest.swift */,
			);
			path = ArticleDetailsTests;
			sourceTree = "<group>";
		};
		ACE274FA8FD8D6AA6906A917 /* Pods */ = {
			isa = PBXGroup;
			children = (
				13608A609E308132D1CC73D3 /* Pods-RTLNewsApp.debug.xcconfig */,
				F61D7901DD2DC0EB865FA327 /* Pods-RTLNewsApp.release.xcconfig */,
				0A4CB17A551A6437E3956736 /* Pods-RTLNewsAppTests.debug.xcconfig */,
				FAE287D7FE26E8D5E281F3D6 /* Pods-RTLNewsAppTests.release.xcconfig */,
			);
			path = Pods;
			sourceTree = "<group>";
		};
		D8F63DECCBB255D410FF4743 /* Frameworks */ = {
			isa = PBXGroup;
			children = (
				639911C7911F4063DC55EB63 /* Pods_RTLNewsApp.framework */,
				B53312FFDA2D29FB2089836B /* Pods_RTLNewsAppTests.framework */,
			);
			name = Frameworks;
			sourceTree = "<group>";
		};
/* End PBXGroup section */

/* Begin PBXNativeTarget section */
		3A7A9DFC2480094B0003EB16 /* RTLNewsApp */ = {
			isa = PBXNativeTarget;
			buildConfigurationList = 3A7A9E1C2480094D0003EB16 /* Build configuration list for PBXNativeTarget "RTLNewsApp" */;
			buildPhases = (
				00B39F3F7FD822D417D0A911 /* [CP] Check Pods Manifest.lock */,
				3A7A9DF92480094B0003EB16 /* Sources */,
				3A7A9DFA2480094B0003EB16 /* Frameworks */,
				3A7A9DFB2480094B0003EB16 /* Resources */,
				22047CF07F67968ECD1560ED /* [CP] Embed Pods Frameworks */,
			);
			buildRules = (
			);
			dependencies = (
			);
			name = RTLNewsApp;
			productName = RTLNewsApp;
			productReference = 3A7A9DFD2480094B0003EB16 /* RTLNewsApp.app */;
			productType = "com.apple.product-type.application";
		};
		3A7A9E122480094D0003EB16 /* RTLNewsAppTests */ = {
			isa = PBXNativeTarget;
			buildConfigurationList = 3A7A9E1F2480094D0003EB16 /* Build configuration list for PBXNativeTarget "RTLNewsAppTests" */;
			buildPhases = (
				67674F2767AB43EEFB3A3F0B /* [CP] Check Pods Manifest.lock */,
				3A7A9E0F2480094D0003EB16 /* Sources */,
				3A7A9E102480094D0003EB16 /* Frameworks */,
				3A7A9E112480094D0003EB16 /* Resources */,
			);
			buildRules = (
			);
			dependencies = (
				3A7A9E152480094D0003EB16 /* PBXTargetDependency */,
			);
			name = RTLNewsAppTests;
			productName = RTLNewsAppTests;
			productReference = 3A7A9E132480094D0003EB16 /* RTLNewsAppTests.xctest */;
			productType = "com.apple.product-type.bundle.unit-test";
		};
/* End PBXNativeTarget section */

/* Begin PBXProject section */
		3A7A9DF52480094B0003EB16 /* Project object */ = {
			isa = PBXProject;
			attributes = {
				LastSwiftUpdateCheck = 1130;
				LastUpgradeCheck = 1130;
				ORGANIZATIONNAME = Abdorahman;
				TargetAttributes = {
					3A7A9DFC2480094B0003EB16 = {
						CreatedOnToolsVersion = 11.3.1;
					};
					3A7A9E122480094D0003EB16 = {
						CreatedOnToolsVersion = 11.3.1;
						TestTargetID = 3A7A9DFC2480094B0003EB16;
					};
				};
			};
			buildConfigurationList = 3A7A9DF82480094B0003EB16 /* Build configuration list for PBXProject "RTLNewsApp" */;
			compatibilityVersion = "Xcode 9.3";
			developmentRegion = en;
			hasScannedForEncodings = 0;
			knownRegions = (
				en,
				Base,
			);
			mainGroup = 3A7A9DF42480094B0003EB16;
			productRefGroup = 3A7A9DFE2480094B0003EB16 /* Products */;
			projectDirPath = "";
			projectRoot = "";
			targets = (
				3A7A9DFC2480094B0003EB16 /* RTLNewsApp */,
				3A7A9E122480094D0003EB16 /* RTLNewsAppTests */,
			);
		};
/* End PBXProject section */

/* Begin PBXResourcesBuildPhase section */
		3A7A9DFB2480094B0003EB16 /* Resources */ = {
			isa = PBXResourcesBuildPhase;
			buildActionMask = 2147483647;
			files = (
				3A44FFF4248055DA0013DC9F /* ListTeaserTableViewCell.xib in Resources */,
				3AF334522481F76F0005FB96 /* Localizable.strings in Resources */,
				3AF3346A248466570005FB96 /* ErrorViewController.xib in Resources */,
				3A7A9E0D2480094D0003EB16 /* LaunchScreen.storyboard in Resources */,
				3A7A9E0A2480094D0003EB16 /* Assets.xcassets in Resources */,
				3AF3345B2483EA9D0005FB96 /* ArticleView.xib in Resources */,
			);
			runOnlyForDeploymentPostprocessing = 0;
		};
		3A7A9E112480094D0003EB16 /* Resources */ = {
			isa = PBXResourcesBuildPhase;
			buildActionMask = 2147483647;
			files = (
			);
			runOnlyForDeploymentPostprocessing = 0;
		};
/* End PBXResourcesBuildPhase section */

/* Begin PBXShellScriptBuildPhase section */
		00B39F3F7FD822D417D0A911 /* [CP] Check Pods Manifest.lock */ = {
			isa = PBXShellScriptBuildPhase;
			buildActionMask = 2147483647;
			files = (
			);
			inputFileListPaths = (
			);
			inputPaths = (
				"${PODS_PODFILE_DIR_PATH}/Podfile.lock",
				"${PODS_ROOT}/Manifest.lock",
			);
			name = "[CP] Check Pods Manifest.lock";
			outputFileListPaths = (
			);
			outputPaths = (
				"$(DERIVED_FILE_DIR)/Pods-RTLNewsApp-checkManifestLockResult.txt",
			);
			runOnlyForDeploymentPostprocessing = 0;
			shellPath = /bin/sh;
			shellScript = "diff \"${PODS_PODFILE_DIR_PATH}/Podfile.lock\" \"${PODS_ROOT}/Manifest.lock\" > /dev/null\nif [ $? != 0 ] ; then\n    # print error to STDERR\n    echo \"error: The sandbox is not in sync with the Podfile.lock. Run 'pod install' or update your CocoaPods installation.\" >&2\n    exit 1\nfi\n# This output is used by Xcode 'outputs' to avoid re-running this script phase.\necho \"SUCCESS\" > \"${SCRIPT_OUTPUT_FILE_0}\"\n";
			showEnvVarsInLog = 0;
		};
		22047CF07F67968ECD1560ED /* [CP] Embed Pods Frameworks */ = {
			isa = PBXShellScriptBuildPhase;
			buildActionMask = 2147483647;
			files = (
			);
			inputFileListPaths = (
				"${PODS_ROOT}/Target Support Files/Pods-RTLNewsApp/Pods-RTLNewsApp-frameworks-${CONFIGURATION}-input-files.xcfilelist",
			);
			name = "[CP] Embed Pods Frameworks";
			outputFileListPaths = (
				"${PODS_ROOT}/Target Support Files/Pods-RTLNewsApp/Pods-RTLNewsApp-frameworks-${CONFIGURATION}-output-files.xcfilelist",
			);
			runOnlyForDeploymentPostprocessing = 0;
			shellPath = /bin/sh;
			shellScript = "\"${PODS_ROOT}/Target Support Files/Pods-RTLNewsApp/Pods-RTLNewsApp-frameworks.sh\"\n";
			showEnvVarsInLog = 0;
		};
		67674F2767AB43EEFB3A3F0B /* [CP] Check Pods Manifest.lock */ = {
			isa = PBXShellScriptBuildPhase;
			buildActionMask = 2147483647;
			files = (
			);
			inputFileListPaths = (
			);
			inputPaths = (
				"${PODS_PODFILE_DIR_PATH}/Podfile.lock",
				"${PODS_ROOT}/Manifest.lock",
			);
			name = "[CP] Check Pods Manifest.lock";
			outputFileListPaths = (
			);
			outputPaths = (
				"$(DERIVED_FILE_DIR)/Pods-RTLNewsAppTests-checkManifestLockResult.txt",
			);
			runOnlyForDeploymentPostprocessing = 0;
			shellPath = /bin/sh;
			shellScript = "diff \"${PODS_PODFILE_DIR_PATH}/Podfile.lock\" \"${PODS_ROOT}/Manifest.lock\" > /dev/null\nif [ $? != 0 ] ; then\n    # print error to STDERR\n    echo \"error: The sandbox is not in sync with the Podfile.lock. Run 'pod install' or update your CocoaPods installation.\" >&2\n    exit 1\nfi\n# This output is used by Xcode 'outputs' to avoid re-running this script phase.\necho \"SUCCESS\" > \"${SCRIPT_OUTPUT_FILE_0}\"\n";
			showEnvVarsInLog = 0;
		};
/* End PBXShellScriptBuildPhase section */

/* Begin PBXSourcesBuildPhase section */
		3A7A9DF92480094B0003EB16 /* Sources */ = {
			isa = PBXSourcesBuildPhase;
			buildActionMask = 2147483647;
			files = (
				3A44FFF6248055EA0013DC9F /* ListTeaserTableViewCell.swift in Sources */,
				3A4400052481ADD30013DC9F /* Constants.swift in Sources */,
				3AF334612483F1E20005FB96 /* ArticleDetailsViewController.swift in Sources */,
				3AF3345E2483EBDA0005FB96 /* ArticleView.swift in Sources */,
				3A44FFFB2481A0C10013DC9F /* URLSession.swift in Sources */,
				3A4400032481AA1A0013DC9F /* String.swift in Sources */,
				3A44FFF8248057BF0013DC9F /* NewsViewModel.swift in Sources */,
				3AF334592483C37A0005FB96 /* ArticleDetailsViewModel.swift in Sources */,
				3AF334492481F3440005FB96 /* BaseViewController.swift in Sources */,
				3A7A9E2F2480501B0003EB16 /* UIView.swift in Sources */,
				3AF334472481ECC80005FB96 /* Injectable.swift in Sources */,
				3A4400092481B3380013DC9F /* News.swift in Sources */,
				3A7A9E2B24804EAE0003EB16 /* NewsViewController.swift in Sources */,
				3A44FFFF2481A8160013DC9F /* API+Error.swift in Sources */,
				3A7A9E012480094B0003EB16 /* AppDelegate.swift in Sources */,
				3A44000C2481C4460013DC9F /* BaseStateController.swift in Sources */,
				3AF33469248466570005FB96 /* ErrorViewController.swift in Sources */,
				3A44FFFD2481A7260013DC9F /* API.swift in Sources */,
				3A7A9E2424804C270003EB16 /* AppController.swift in Sources */,
			);
			runOnlyForDeploymentPostprocessing = 0;
		};
		3A7A9E0F2480094D0003EB16 /* Sources */ = {
			isa = PBXSourcesBuildPhase;
			buildActionMask = 2147483647;
			files = (
				3AF3346F248474B50005FB96 /* MockResponse.swift in Sources */,
				3AF33471248475B10005FB96 /* MockResponseData.swift in Sources */,
				3AF3347B2484949F0005FB96 /* ArticleDetailsTest.swift in Sources */,
				3AF3346D248473C00005FB96 /* MockNetworkRequests.swift in Sources */,
				3AF33476248479510005FB96 /* NewsViewModelTests.swift in Sources */,
			);
			runOnlyForDeploymentPostprocessing = 0;
		};
/* End PBXSourcesBuildPhase section */

/* Begin PBXTargetDependency section */
		3A7A9E152480094D0003EB16 /* PBXTargetDependency */ = {
			isa = PBXTargetDependency;
			target = 3A7A9DFC2480094B0003EB16 /* RTLNewsApp */;
			targetProxy = 3A7A9E142480094D0003EB16 /* PBXContainerItemProxy */;
		};
/* End PBXTargetDependency section */

/* Begin PBXVariantGroup section */
		3A7A9E0B2480094D0003EB16 /* LaunchScreen.storyboard */ = {
			isa = PBXVariantGroup;
			children = (
				3A7A9E0C2480094D0003EB16 /* Base */,
			);
			name = LaunchScreen.storyboard;
			sourceTree = "<group>";
		};
/* End PBXVariantGroup section */

/* Begin XCBuildConfiguration section */
		3A7A9E1A2480094D0003EB16 /* Debug */ = {
			isa = XCBuildConfiguration;
			buildSettings = {
				ALWAYS_SEARCH_USER_PATHS = NO;
				CLANG_ANALYZER_LOCALIZABILITY_NONLOCALIZED = YES;
				CLANG_ANALYZER_NONNULL = YES;
				CLANG_ANALYZER_NUMBER_OBJECT_CONVERSION = YES_AGGRESSIVE;
				CLANG_CXX_LANGUAGE_STANDARD = "gnu++14";
				CLANG_CXX_LIBRARY = "libc++";
				CLANG_ENABLE_MODULES = YES;
				CLANG_ENABLE_OBJC_ARC = YES;
				CLANG_ENABLE_OBJC_WEAK = YES;
				CLANG_WARN_BLOCK_CAPTURE_AUTORELEASING = YES;
				CLANG_WARN_BOOL_CONVERSION = YES;
				CLANG_WARN_COMMA = YES;
				CLANG_WARN_CONSTANT_CONVERSION = YES;
				CLANG_WARN_DEPRECATED_OBJC_IMPLEMENTATIONS = YES;
				CLANG_WARN_DIRECT_OBJC_ISA_USAGE = YES_ERROR;
				CLANG_WARN_DOCUMENTATION_COMMENTS = YES;
				CLANG_WARN_EMPTY_BODY = YES;
				CLANG_WARN_ENUM_CONVERSION = YES;
				CLANG_WARN_INFINITE_RECURSION = YES;
				CLANG_WARN_INT_CONVERSION = YES;
				CLANG_WARN_NON_LITERAL_NULL_CONVERSION = YES;
				CLANG_WARN_OBJC_IMPLICIT_RETAIN_SELF = YES;
				CLANG_WARN_OBJC_LITERAL_CONVERSION = YES;
				CLANG_WARN_OBJC_ROOT_CLASS = YES_ERROR;
				CLANG_WARN_RANGE_LOOP_ANALYSIS = YES;
				CLANG_WARN_STRICT_PROTOTYPES = YES;
				CLANG_WARN_SUSPICIOUS_MOVE = YES;
				CLANG_WARN_UNGUARDED_AVAILABILITY = YES_AGGRESSIVE;
				CLANG_WARN_UNREACHABLE_CODE = YES;
				CLANG_WARN__DUPLICATE_METHOD_MATCH = YES;
				COPY_PHASE_STRIP = NO;
				DEBUG_INFORMATION_FORMAT = dwarf;
				ENABLE_STRICT_OBJC_MSGSEND = YES;
				ENABLE_TESTABILITY = YES;
				GCC_C_LANGUAGE_STANDARD = gnu11;
				GCC_DYNAMIC_NO_PIC = NO;
				GCC_NO_COMMON_BLOCKS = YES;
				GCC_OPTIMIZATION_LEVEL = 0;
				GCC_PREPROCESSOR_DEFINITIONS = (
					"DEBUG=1",
					"$(inherited)",
				);
				GCC_WARN_64_TO_32_BIT_CONVERSION = YES;
				GCC_WARN_ABOUT_RETURN_TYPE = YES_ERROR;
				GCC_WARN_UNDECLARED_SELECTOR = YES;
				GCC_WARN_UNINITIALIZED_AUTOS = YES_AGGRESSIVE;
				GCC_WARN_UNUSED_FUNCTION = YES;
				GCC_WARN_UNUSED_VARIABLE = YES;
				IPHONEOS_DEPLOYMENT_TARGET = 10.0;
				MTL_ENABLE_DEBUG_INFO = INCLUDE_SOURCE;
				MTL_FAST_MATH = YES;
				ONLY_ACTIVE_ARCH = YES;
				SDKROOT = iphoneos;
				SWIFT_ACTIVE_COMPILATION_CONDITIONS = DEBUG;
				SWIFT_OPTIMIZATION_LEVEL = "-Onone";
			};
			name = Debug;
		};
		3A7A9E1B2480094D0003EB16 /* Release */ = {
			isa = XCBuildConfiguration;
			buildSettings = {
				ALWAYS_SEARCH_USER_PATHS = NO;
				CLANG_ANALYZER_LOCALIZABILITY_NONLOCALIZED = YES;
				CLANG_ANALYZER_NONNULL = YES;
				CLANG_ANALYZER_NUMBER_OBJECT_CONVERSION = YES_AGGRESSIVE;
				CLANG_CXX_LANGUAGE_STANDARD = "gnu++14";
				CLANG_CXX_LIBRARY = "libc++";
				CLANG_ENABLE_MODULES = YES;
				CLANG_ENABLE_OBJC_ARC = YES;
				CLANG_ENABLE_OBJC_WEAK = YES;
				CLANG_WARN_BLOCK_CAPTURE_AUTORELEASING = YES;
				CLANG_WARN_BOOL_CONVERSION = YES;
				CLANG_WARN_COMMA = YES;
				CLANG_WARN_CONSTANT_CONVERSION = YES;
				CLANG_WARN_DEPRECATED_OBJC_IMPLEMENTATIONS = YES;
				CLANG_WARN_DIRECT_OBJC_ISA_USAGE = YES_ERROR;
				CLANG_WARN_DOCUMENTATION_COMMENTS = YES;
				CLANG_WARN_EMPTY_BODY = YES;
				CLANG_WARN_ENUM_CONVERSION = YES;
				CLANG_WARN_INFINITE_RECURSION = YES;
				CLANG_WARN_INT_CONVERSION = YES;
				CLANG_WARN_NON_LITERAL_NULL_CONVERSION = YES;
				CLANG_WARN_OBJC_IMPLICIT_RETAIN_SELF = YES;
				CLANG_WARN_OBJC_LITERAL_CONVERSION = YES;
				CLANG_WARN_OBJC_ROOT_CLASS = YES_ERROR;
				CLANG_WARN_RANGE_LOOP_ANALYSIS = YES;
				CLANG_WARN_STRICT_PROTOTYPES = YES;
				CLANG_WARN_SUSPICIOUS_MOVE = YES;
				CLANG_WARN_UNGUARDED_AVAILABILITY = YES_AGGRESSIVE;
				CLANG_WARN_UNREACHABLE_CODE = YES;
				CLANG_WARN__DUPLICATE_METHOD_MATCH = YES;
				COPY_PHASE_STRIP = NO;
				DEBUG_INFORMATION_FORMAT = "dwarf-with-dsym";
				ENABLE_NS_ASSERTIONS = NO;
				ENABLE_STRICT_OBJC_MSGSEND = YES;
				GCC_C_LANGUAGE_STANDARD = gnu11;
				GCC_NO_COMMON_BLOCKS = YES;
				GCC_WARN_64_TO_32_BIT_CONVERSION = YES;
				GCC_WARN_ABOUT_RETURN_TYPE = YES_ERROR;
				GCC_WARN_UNDECLARED_SELECTOR = YES;
				GCC_WARN_UNINITIALIZED_AUTOS = YES_AGGRESSIVE;
				GCC_WARN_UNUSED_FUNCTION = YES;
				GCC_WARN_UNUSED_VARIABLE = YES;
				IPHONEOS_DEPLOYMENT_TARGET = 10.0;
				MTL_ENABLE_DEBUG_INFO = NO;
				MTL_FAST_MATH = YES;
				SDKROOT = iphoneos;
				SWIFT_COMPILATION_MODE = wholemodule;
				SWIFT_OPTIMIZATION_LEVEL = "-O";
				VALIDATE_PRODUCT = YES;
			};
			name = Release;
		};
		3A7A9E1D2480094D0003EB16 /* Debug */ = {
			isa = XCBuildConfiguration;
			baseConfigurationReference = 13608A609E308132D1CC73D3 /* Pods-RTLNewsApp.debug.xcconfig */;
			buildSettings = {
				ASSETCATALOG_COMPILER_APPICON_NAME = AppIcon;
				CODE_SIGN_STYLE = Automatic;
				DEVELOPMENT_TEAM = B8L6UA4MUM;
				INFOPLIST_FILE = RTLNewsApp/Application/Info.plist;
				LD_RUNPATH_SEARCH_PATHS = (
					"$(inherited)",
					"@executable_path/Frameworks",
				);
				PRODUCT_BUNDLE_IDENTIFIER = com.abdo.RTLNewsApp;
				PRODUCT_NAME = "$(TARGET_NAME)";
				SWIFT_VERSION = 5.0;
				TARGETED_DEVICE_FAMILY = 1;
			};
			name = Debug;
		};
		3A7A9E1E2480094D0003EB16 /* Release */ = {
			isa = XCBuildConfiguration;
			baseConfigurationReference = F61D7901DD2DC0EB865FA327 /* Pods-RTLNewsApp.release.xcconfig */;
			buildSettings = {
				ASSETCATALOG_COMPILER_APPICON_NAME = AppIcon;
				CODE_SIGN_STYLE = Automatic;
				DEVELOPMENT_TEAM = B8L6UA4MUM;
				INFOPLIST_FILE = RTLNewsApp/Application/Info.plist;
				LD_RUNPATH_SEARCH_PATHS = (
					"$(inherited)",
					"@executable_path/Frameworks",
				);
				PRODUCT_BUNDLE_IDENTIFIER = com.abdo.RTLNewsApp;
				PRODUCT_NAME = "$(TARGET_NAME)";
				SWIFT_VERSION = 5.0;
				TARGETED_DEVICE_FAMILY = 1;
			};
			name = Release;
		};
		3A7A9E202480094D0003EB16 /* Debug */ = {
			isa = XCBuildConfiguration;
			baseConfigurationReference = 0A4CB17A551A6437E3956736 /* Pods-RTLNewsAppTests.debug.xcconfig */;
			buildSettings = {
				ALWAYS_EMBED_SWIFT_STANDARD_LIBRARIES = YES;
				BUNDLE_LOADER = "$(TEST_HOST)";
				CODE_SIGN_STYLE = Automatic;
				INFOPLIST_FILE = RTLNewsAppTests/Info.plist;
				IPHONEOS_DEPLOYMENT_TARGET = 13.2;
				LD_RUNPATH_SEARCH_PATHS = (
					"$(inherited)",
					"@executable_path/Frameworks",
					"@loader_path/Frameworks",
				);
				PRODUCT_BUNDLE_IDENTIFIER = com.abdo.RTLNewsAppTests;
				PRODUCT_NAME = "$(TARGET_NAME)";
				SWIFT_VERSION = 5.0;
				TARGETED_DEVICE_FAMILY = "1,2";
				TEST_HOST = "$(BUILT_PRODUCTS_DIR)/RTLNewsApp.app/RTLNewsApp";
			};
			name = Debug;
		};
		3A7A9E212480094D0003EB16 /* Release */ = {
			isa = XCBuildConfiguration;
			baseConfigurationReference = FAE287D7FE26E8D5E281F3D6 /* Pods-RTLNewsAppTests.release.xcconfig */;
			buildSettings = {
				ALWAYS_EMBED_SWIFT_STANDARD_LIBRARIES = YES;
				BUNDLE_LOADER = "$(TEST_HOST)";
				CODE_SIGN_STYLE = Automatic;
				INFOPLIST_FILE = RTLNewsAppTests/Info.plist;
				IPHONEOS_DEPLOYMENT_TARGET = 13.2;
				LD_RUNPATH_SEARCH_PATHS = (
					"$(inherited)",
					"@executable_path/Frameworks",
					"@loader_path/Frameworks",
				);
				PRODUCT_BUNDLE_IDENTIFIER = com.abdo.RTLNewsAppTests;
				PRODUCT_NAME = "$(TARGET_NAME)";
				SWIFT_VERSION = 5.0;
				TARGETED_DEVICE_FAMILY = "1,2";
				TEST_HOST = "$(BUILT_PRODUCTS_DIR)/RTLNewsApp.app/RTLNewsApp";
			};
			name = Release;
		};
/* End XCBuildConfiguration section */

/* Begin XCConfigurationList section */
		3A7A9DF82480094B0003EB16 /* Build configuration list for PBXProject "RTLNewsApp" */ = {
			isa = XCConfigurationList;
			buildConfigurations = (
				3A7A9E1A2480094D0003EB16 /* Debug */,
				3A7A9E1B2480094D0003EB16 /* Release */,
			);
			defaultConfigurationIsVisible = 0;
			defaultConfigurationName = Release;
		};
		3A7A9E1C2480094D0003EB16 /* Build configuration list for PBXNativeTarget "RTLNewsApp" */ = {
			isa = XCConfigurationList;
			buildConfigurations = (
				3A7A9E1D2480094D0003EB16 /* Debug */,
				3A7A9E1E2480094D0003EB16 /* Release */,
			);
			defaultConfigurationIsVisible = 0;
			defaultConfigurationName = Release;
		};
		3A7A9E1F2480094D0003EB16 /* Build configuration list for PBXNativeTarget "RTLNewsAppTests" */ = {
			isa = XCConfigurationList;
			buildConfigurations = (
				3A7A9E202480094D0003EB16 /* Debug */,
				3A7A9E212480094D0003EB16 /* Release */,
			);
			defaultConfigurationIsVisible = 0;
			defaultConfigurationName = Release;
		};
/* End XCConfigurationList section */
	};
	rootObject = 3A7A9DF52480094B0003EB16 /* Project object */;
}
